
Microsoft Visual Studio Solution File, Format Version 12.00
# Visual Studio 15
VisualStudioVersion = 15.0.26730.16
MinimumVisualStudioVersion = 10.0.40219.1
Project("{FAE04EC0-301F-11D3-BF4B-00C04F79EFBC}") = "Notepad--", "Notepad--\Notepad--.csproj", "{DE0AEFE8-1E11-4499-B954-472FFC5FE1A1}"
EndProject
Global
	GlobalSection(SolutionConfigurationPlatforms) = preSolution
		Debug|Any CPU = Debug|Any CPU
		Release|Any CPU = Release|Any CPU
	EndGlobalSection
	GlobalSection(ProjectConfigurationPlatforms) = postSolution
		{DE0AEFE8-1E11-4499-B954-472FFC5FE1A1}.Debug|Any CPU.ActiveCfg = Debug|Any CPU
		{DE0AEFE8-1E11-4499-B954-472FFC5FE1A1}.Debug|Any CPU.Build.0 = Debug|Any CPU
		{DE0AEFE8-1E11-4499-B954-472FFC5FE1A1}.Release|Any CPU.ActiveCfg = Release|Any CPU
		{DE0AEFE8-1E11-4499-B954-472FFC5FE1A1}.Release|Any CPU.Build.0 = Release|Any CPU
	EndGlobalSection
	GlobalSection(SolutionProperties) = preSolution
		HideSolutionNode = FALSE
	EndGlobalSection
	GlobalSection(ExtensibilityGlobals) = postSolution
		SolutionGuid = {92E3B76B-774A-46DC-83DF-EEE60C4B9181}
	EndGlobalSection
EndGlobal
