
Microsoft Visual Studio Solution File, Format Version 12.00
# Visual Studio 15
VisualStudioVersion = 15.0.27004.2005
MinimumVisualStudioVersion = 10.0.40219.1
Project("{FAE04EC0-301F-11D3-BF4B-00C04F79EFBC}") = "Ficha_2", "Ficha_2\Ficha_2.csproj", "{8C055C82-F100-4DCC-80B6-FC09CC556A95}"
EndProject
Global
	GlobalSection(SolutionConfigurationPlatforms) = preSolution
		Debug|Any CPU = Debug|Any CPU
		Release|Any CPU = Release|Any CPU
	EndGlobalSection
	GlobalSection(ProjectConfigurationPlatforms) = postSolution
		{8C055C82-F100-4DCC-80B6-FC09CC556A95}.Debug|Any CPU.ActiveCfg = Debug|Any CPU
		{8C055C82-F100-4DCC-80B6-FC09CC556A95}.Debug|Any CPU.Build.0 = Debug|Any CPU
		{8C055C82-F100-4DCC-80B6-FC09CC556A95}.Release|Any CPU.ActiveCfg = Release|Any CPU
		{8C055C82-F100-4DCC-80B6-FC09CC556A95}.Release|Any CPU.Build.0 = Release|Any CPU
	EndGlobalSection
	GlobalSection(SolutionProperties) = preSolution
		HideSolutionNode = FALSE
	EndGlobalSection
	GlobalSection(ExtensibilityGlobals) = postSolution
		SolutionGuid = {121AC63F-D079-4CB0-83DD-41480B5B7640}
	EndGlobalSection
EndGlobal
